
Microsoft Visual Studio Solution File, Format Version 12.00
# Visual Studio Version 16
VisualStudioVersion = 16.0.30413.136
MinimumVisualStudioVersion = 10.0.40219.1
Project("{FAE04EC0-301F-11D3-BF4B-00C04F79EFBC}") = "WorkHour.Data", "WorkHour.Data\WorkHour.Data.csproj", "{569F486A-55C0-4415-83F8-5473154F413E}"
EndProject
Project("{FAE04EC0-301F-11D3-BF4B-00C04F79EFBC}") = "WorkHour.Business", "WorkHour.Business\WorkHour.Business.csproj", "{6F109276-C110-4F71-B951-4AA806F6089C}"
EndProject
Project("{9A19103F-16F7-4668-BE54-9A1E7A4F7556}") = "WorkHour.Presentation", "WorkHour.Presentation\WorkHour.Presentation.csproj", "{3AA74000-F5EE-484A-B847-DA94341295F0}"
EndProject
Project("{9A19103F-16F7-4668-BE54-9A1E7A4F7556}") = "WorkHour.Pr", "WorkHour.Pr\WorkHour.Pr.csproj", "{6C14BE62-BC51-4249-9148-04927314E705}"
	ProjectSection(ProjectDependencies) = postProject
		{569F486A-55C0-4415-83F8-5473154F413E} = {569F486A-55C0-4415-83F8-5473154F413E}
		{6F109276-C110-4F71-B951-4AA806F6089C} = {6F109276-C110-4F71-B951-4AA806F6089C}
	EndProjectSection
EndProject
Global
	GlobalSection(SolutionConfigurationPlatforms) = preSolution
		Debug|Any CPU = Debug|Any CPU
		Release|Any CPU = Release|Any CPU
	EndGlobalSection
	GlobalSection(ProjectConfigurationPlatforms) = postSolution
		{569F486A-55C0-4415-83F8-5473154F413E}.Debug|Any CPU.ActiveCfg = Debug|Any CPU
		{569F486A-55C0-4415-83F8-5473154F413E}.Debug|Any CPU.Build.0 = Debug|Any CPU
		{569F486A-55C0-4415-83F8-5473154F413E}.Release|Any CPU.ActiveCfg = Release|Any CPU
		{569F486A-55C0-4415-83F8-5473154F413E}.Release|Any CPU.Build.0 = Release|Any CPU
		{6F109276-C110-4F71-B951-4AA806F6089C}.Debug|Any CPU.ActiveCfg = Debug|Any CPU
		{6F109276-C110-4F71-B951-4AA806F6089C}.Debug|Any CPU.Build.0 = Debug|Any CPU
		{6F109276-C110-4F71-B951-4AA806F6089C}.Release|Any CPU.ActiveCfg = Release|Any CPU
		{6F109276-C110-4F71-B951-4AA806F6089C}.Release|Any CPU.Build.0 = Release|Any CPU
		{3AA74000-F5EE-484A-B847-DA94341295F0}.Debug|Any CPU.ActiveCfg = Debug|Any CPU
		{3AA74000-F5EE-484A-B847-DA94341295F0}.Debug|Any CPU.Build.0 = Debug|Any CPU
		{3AA74000-F5EE-484A-B847-DA94341295F0}.Release|Any CPU.ActiveCfg = Release|Any CPU
		{3AA74000-F5EE-484A-B847-DA94341295F0}.Release|Any CPU.Build.0 = Release|Any CPU
		{6C14BE62-BC51-4249-9148-04927314E705}.Debug|Any CPU.ActiveCfg = Debug|Any CPU
		{6C14BE62-BC51-4249-9148-04927314E705}.Debug|Any CPU.Build.0 = Debug|Any CPU
		{6C14BE62-BC51-4249-9148-04927314E705}.Release|Any CPU.ActiveCfg = Release|Any CPU
		{6C14BE62-BC51-4249-9148-04927314E705}.Release|Any CPU.Build.0 = Release|Any CPU
	EndGlobalSection
	GlobalSection(SolutionProperties) = preSolution
		HideSolutionNode = FALSE
	EndGlobalSection
	GlobalSection(ExtensibilityGlobals) = postSolution
		SolutionGuid = {E301416E-32C6-47B1-A583-C84CF188A0D3}
	EndGlobalSection
EndGlobal
